
Microsoft Visual Studio Solution File, Format Version 12.00
# Visual Studio 15
VisualStudioVersion = 15.0.27130.2027
MinimumVisualStudioVersion = 10.0.40219.1
Project("{FAE04EC0-301F-11D3-BF4B-00C04F79EFBC}") = "AbstractFactory", "AbstractFactory\AbstractFactory.csproj", "{CC89214D-1484-4C5C-9C8C-44A01A42FCD7}"
EndProject
Global
	GlobalSection(SolutionConfigurationPlatforms) = preSolution
		Debug|Any CPU = Debug|Any CPU
		Release|Any CPU = Release|Any CPU
	EndGlobalSection
	GlobalSection(ProjectConfigurationPlatforms) = postSolution
		{CC89214D-1484-4C5C-9C8C-44A01A42FCD7}.Debug|Any CPU.ActiveCfg = Debug|Any CPU
		{CC89214D-1484-4C5C-9C8C-44A01A42FCD7}.Debug|Any CPU.Build.0 = Debug|Any CPU
		{CC89214D-1484-4C5C-9C8C-44A01A42FCD7}.Release|Any CPU.ActiveCfg = Release|Any CPU
		{CC89214D-1484-4C5C-9C8C-44A01A42FCD7}.Release|Any CPU.Build.0 = Release|Any CPU
	EndGlobalSection
	GlobalSection(SolutionProperties) = preSolution
		HideSolutionNode = FALSE
	EndGlobalSection
	GlobalSection(ExtensibilityGlobals) = postSolution
		SolutionGuid = {CD13D5D6-4A54-4A2D-8251-59F87FC33720}
	EndGlobalSection
EndGlobal
